{
  "name": "node_project",
  "version": "1.0.0",
  "lockfileVersion": 1,
  "requires": true,
  "dependencies": {
    "@types/node": {
      "version": "12.0.7",
      "resolved": "https://registry.npm.taobao.org/@types/node/download/@types/node-12.0.7.tgz",
      "integrity": "sha1-TyVjutZSsqyxci1+eq4rD/YtGSw=",
      "dev": true
    },
    "prettier": {
      "version": "1.17.1",
      "resolved": "https://registry.npm.taobao.org/prettier/download/prettier-1.17.1.tgz",
      "integrity": "sha1-7WS06T43DLiiW573/vPk/RwJlds=",
      "dev": true
    }
  }
}
